
Microsoft Visual Studio Solution File, Format Version 12.00
# Visual Studio Version 17
VisualStudioVersion = 17.9.34607.119
MinimumVisualStudioVersion = 10.0.40219.1
Project("{9A19103F-16F7-4668-BE54-9A1E7A4F7556}") = "WebAPI", "WebAPI\WebAPI.csproj", "{6F6058EC-B1CC-405B-A0C3-A833D7CF02BE}"
EndProject
Project("{9A19103F-16F7-4668-BE54-9A1E7A4F7556}") = "RentACar.Domain", "RentACar.Domain\RentACar.Domain.csproj", "{FB818F69-73AF-4912-96CA-44A11017E808}"
EndProject
Project("{9A19103F-16F7-4668-BE54-9A1E7A4F7556}") = "RentACar.Application", "RentACar.Application\RentACar.Application.csproj", "{145C7E39-7E2E-4671-893C-F952448371A8}"
EndProject
Project("{9A19103F-16F7-4668-BE54-9A1E7A4F7556}") = "RentACar.Infrastructure", "RentACar.Infrastructure\RentACar.Infrastructure.csproj", "{27D11D19-3BA1-48E6-872B-3500D3D1EA71}"
EndProject
Project("{9A19103F-16F7-4668-BE54-9A1E7A4F7556}") = "RentACar.Persistence", "RentACar.Persistence\RentACar.Persistence.csproj", "{0520617B-84A9-4D43-9598-972BE6771997}"
EndProject
Global
	GlobalSection(SolutionConfigurationPlatforms) = preSolution
		Debug|Any CPU = Debug|Any CPU
		Release|Any CPU = Release|Any CPU
	EndGlobalSection
	GlobalSection(ProjectConfigurationPlatforms) = postSolution
		{6F6058EC-B1CC-405B-A0C3-A833D7CF02BE}.Debug|Any CPU.ActiveCfg = Debug|Any CPU
		{6F6058EC-B1CC-405B-A0C3-A833D7CF02BE}.Debug|Any CPU.Build.0 = Debug|Any CPU
		{6F6058EC-B1CC-405B-A0C3-A833D7CF02BE}.Release|Any CPU.ActiveCfg = Release|Any CPU
		{6F6058EC-B1CC-405B-A0C3-A833D7CF02BE}.Release|Any CPU.Build.0 = Release|Any CPU
		{FB818F69-73AF-4912-96CA-44A11017E808}.Debug|Any CPU.ActiveCfg = Debug|Any CPU
		{FB818F69-73AF-4912-96CA-44A11017E808}.Debug|Any CPU.Build.0 = Debug|Any CPU
		{FB818F69-73AF-4912-96CA-44A11017E808}.Release|Any CPU.ActiveCfg = Release|Any CPU
		{FB818F69-73AF-4912-96CA-44A11017E808}.Release|Any CPU.Build.0 = Release|Any CPU
		{145C7E39-7E2E-4671-893C-F952448371A8}.Debug|Any CPU.ActiveCfg = Debug|Any CPU
		{145C7E39-7E2E-4671-893C-F952448371A8}.Debug|Any CPU.Build.0 = Debug|Any CPU
		{145C7E39-7E2E-4671-893C-F952448371A8}.Release|Any CPU.ActiveCfg = Release|Any CPU
		{145C7E39-7E2E-4671-893C-F952448371A8}.Release|Any CPU.Build.0 = Release|Any CPU
		{27D11D19-3BA1-48E6-872B-3500D3D1EA71}.Debug|Any CPU.ActiveCfg = Debug|Any CPU
		{27D11D19-3BA1-48E6-872B-3500D3D1EA71}.Debug|Any CPU.Build.0 = Debug|Any CPU
		{27D11D19-3BA1-48E6-872B-3500D3D1EA71}.Release|Any CPU.ActiveCfg = Release|Any CPU
		{27D11D19-3BA1-48E6-872B-3500D3D1EA71}.Release|Any CPU.Build.0 = Release|Any CPU
		{0520617B-84A9-4D43-9598-972BE6771997}.Debug|Any CPU.ActiveCfg = Debug|Any CPU
		{0520617B-84A9-4D43-9598-972BE6771997}.Debug|Any CPU.Build.0 = Debug|Any CPU
		{0520617B-84A9-4D43-9598-972BE6771997}.Release|Any CPU.ActiveCfg = Release|Any CPU
		{0520617B-84A9-4D43-9598-972BE6771997}.Release|Any CPU.Build.0 = Release|Any CPU
	EndGlobalSection
	GlobalSection(SolutionProperties) = preSolution
		HideSolutionNode = FALSE
	EndGlobalSection
	GlobalSection(ExtensibilityGlobals) = postSolution
		SolutionGuid = {D5A568D6-C4F8-4D64-92B9-140CD681517B}
	EndGlobalSection
EndGlobal
